
Microsoft Visual Studio Solution File, Format Version 12.00
# Visual Studio for Mac
Project("{FAE04EC0-301F-11D3-BF4B-00C04F79EFBC}") = "HitBoxs", "HitBoxs.csproj", "{CA834DEE-ED89-657D-8377-7E026E122AE6}"
EndProject
Project("{FAE04EC0-301F-11D3-BF4B-00C04F79EFBC}") = "HitBoxs.Editor", "HitBoxs.Editor.csproj", "{21090D33-7FE4-977E-63E1-BF1F3FFB5FAE}"
EndProject
Global
	GlobalSection(SolutionConfigurationPlatforms) = preSolution
		Debug|Any CPU = Debug|Any CPU
		Release|Any CPU = Release|Any CPU
	EndGlobalSection
	GlobalSection(ProjectConfigurationPlatforms) = postSolution
		{CA834DEE-ED89-657D-8377-7E026E122AE6}.Debug|Any CPU.ActiveCfg = Debug|Any CPU
		{CA834DEE-ED89-657D-8377-7E026E122AE6}.Debug|Any CPU.Build.0 = Debug|Any CPU
		{CA834DEE-ED89-657D-8377-7E026E122AE6}.Release|Any CPU.ActiveCfg = Release|Any CPU
		{CA834DEE-ED89-657D-8377-7E026E122AE6}.Release|Any CPU.Build.0 = Release|Any CPU
		{21090D33-7FE4-977E-63E1-BF1F3FFB5FAE}.Debug|Any CPU.ActiveCfg = Debug|Any CPU
		{21090D33-7FE4-977E-63E1-BF1F3FFB5FAE}.Debug|Any CPU.Build.0 = Debug|Any CPU
		{21090D33-7FE4-977E-63E1-BF1F3FFB5FAE}.Release|Any CPU.ActiveCfg = Release|Any CPU
		{21090D33-7FE4-977E-63E1-BF1F3FFB5FAE}.Release|Any CPU.Build.0 = Release|Any CPU
	EndGlobalSection
	GlobalSection(SolutionProperties) = preSolution
		HideSolutionNode = FALSE
	EndGlobalSection
EndGlobal
