
Microsoft Visual Studio Solution File, Format Version 11.00
# Visual Studio 2010
Project("{FAE04EC0-301F-11D3-BF4B-00C04F79EFBC}") = "HitFoods", "Assembly-CSharp.csproj", "{D6CE73D6-883F-8246-C0A0-3618DFE51A93}"
EndProject
Project("{FAE04EC0-301F-11D3-BF4B-00C04F79EFBC}") = "HitFoods", "Assembly-CSharp-Editor.csproj", "{9C8562F9-43DA-805A-6882-BFF7ED30A646}"
EndProject
Global
	GlobalSection(SolutionConfigurationPlatforms) = preSolution
		Debug|Any CPU = Debug|Any CPU
		Release|Any CPU = Release|Any CPU
	EndGlobalSection
	GlobalSection(ProjectConfigurationPlatforms) = postSolution
		{D6CE73D6-883F-8246-C0A0-3618DFE51A93}.Debug|Any CPU.ActiveCfg = Debug|Any CPU
		{D6CE73D6-883F-8246-C0A0-3618DFE51A93}.Debug|Any CPU.Build.0 = Debug|Any CPU
		{D6CE73D6-883F-8246-C0A0-3618DFE51A93}.Release|Any CPU.ActiveCfg = Release|Any CPU
		{D6CE73D6-883F-8246-C0A0-3618DFE51A93}.Release|Any CPU.Build.0 = Release|Any CPU
		{9C8562F9-43DA-805A-6882-BFF7ED30A646}.Debug|Any CPU.ActiveCfg = Debug|Any CPU
		{9C8562F9-43DA-805A-6882-BFF7ED30A646}.Debug|Any CPU.Build.0 = Debug|Any CPU
		{9C8562F9-43DA-805A-6882-BFF7ED30A646}.Release|Any CPU.ActiveCfg = Release|Any CPU
		{9C8562F9-43DA-805A-6882-BFF7ED30A646}.Release|Any CPU.Build.0 = Release|Any CPU
	EndGlobalSection
	GlobalSection(SolutionProperties) = preSolution
		HideSolutionNode = FALSE
	EndGlobalSection
	GlobalSection(MonoDevelopProperties) = preSolution
		StartupItem = Assembly-CSharp.csproj
	EndGlobalSection
EndGlobal
